<?xml version="1.0" encoding="utf-8"?>
<Project ToolsVersion="4.0" xmlns="http://schemas.microsoft.com/developer/msbuild/2003">
  <ItemGroup>
    <Filter Include="resources">
      <UniqueIdentifier>{7a0231aa-4081-4242-90e5-850edb2cfcbd}</UniqueIdentifier>
    </Filter>
    <Filter Include="luaRunner">
      <UniqueIdentifier>{97d76878-a596-438c-8320-c594e23ab41f}</UniqueIdentifier>
    </Filter>
    <Filter Include="lvlTools">
      <UniqueIdentifier>{69aee93f-ae98-41f8-a545-01a9c17427cb}</UniqueIdentifier>
    </Filter>
    <Filter Include="Universal">
      <UniqueIdentifier>{8622ca41-f451-432b-99f7-32cb65db372d}</UniqueIdentifier>
    </Filter>
    <Filter Include="physics">
      <UniqueIdentifier>{aea003a7-a2bf-4f0f-a86f-7fe4b000bf35}</UniqueIdentifier>
    </Filter>
    <Filter Include="logger">
      <UniqueIdentifier>{a8a71b5b-a5ad-4cbf-b972-1e7d6d64e39a}</UniqueIdentifier>
    </Filter>
    <Filter Include="gameComponents">
      <UniqueIdentifier>{76ae88c4-daec-4b1d-a43a-6122a9ff8abf}</UniqueIdentifier>
    </Filter>
    <Filter Include="GameState">
      <UniqueIdentifier>{9aa4dd65-ce20-40f7-b620-b5ab537df0cf}</UniqueIdentifier>
    </Filter>
    <Filter Include="engineGraphics">
      <UniqueIdentifier>{75150fc8-709e-41db-b7a4-5ee59f27049e}</UniqueIdentifier>
    </Filter>
  </ItemGroup>
  <ItemGroup>
    <ClInclude Include="GAM200_Project\engineGraphics\Sprite.h">
      <Filter>engineGraphics</Filter>
    </ClInclude>
    <ClInclude Include="GAM200_Project\engineGraphics\Testing.h">
      <Filter>engineGraphics</Filter>
    </ClInclude>
    <ClInclude Include="GAM200_Project\engineGraphics\Texture.h">
      <Filter>engineGraphics</Filter>
    </ClInclude>
    <ClInclude Include="GAM200_Project\engineGraphics\Camera.h">
      <Filter>engineGraphics</Filter>
    </ClInclude>
    <ClInclude Include="GAM200_Project\engineGraphics\debugDraw.h">
      <Filter>engineGraphics</Filter>
    </ClInclude>
    <ClInclude Include="GAM200_Project\engineGraphics\Graphics.h">
      <Filter>engineGraphics</Filter>
    </ClInclude>
    <ClInclude Include="GAM200_Project\engineGraphics\Shader.h">
      <Filter>engineGraphics</Filter>
    </ClInclude>
    <ClInclude Include="GAM200_Project\engineGraphics\ShaderManager.h">
      <Filter>engineGraphics</Filter>
    </ClInclude>
    <ClInclude Include="GAM200_Project\runLua\luaRunner.h">
      <Filter>luaRunner</Filter>
    </ClInclude>
    <ClInclude Include="GAM200_Project\runLua\luaRunnerInline.h">
      <Filter>luaRunner</Filter>
    </ClInclude>
    <ClInclude Include="GAM200_Project\lvlTools\levelGenerator.h">
      <Filter>lvlTools</Filter>
    </ClInclude>
    <ClInclude Include="GAM200_Project\lvlTools\levelEditor.h">
      <Filter>lvlTools</Filter>
    </ClInclude>
    <ClInclude Include="GAM200_Project\Utilities.h">
      <Filter>Universal</Filter>
    </ClInclude>
    <ClInclude Include="GAM200_Project\gameLevel.h">
      <Filter>Universal</Filter>
    </ClInclude>
    <ClInclude Include="GAM200_Project\physicsLib\collision_detection_utility.h">
      <Filter>physics</Filter>
    </ClInclude>
    <ClInclude Include="GAM200_Project\physicsLib\math_utility.h">
      <Filter>physics</Filter>
    </ClInclude>
    <ClInclude Include="GAM200_Project\physicsLib\movement_collision_detection.h">
      <Filter>physics</Filter>
    </ClInclude>
    <ClInclude Include="GAM200_Project\physicsLib\range.h">
      <Filter>physics</Filter>
    </ClInclude>
    <ClInclude Include="GAM200_Project\physicsLib\shapes.h">
      <Filter>physics</Filter>
    </ClInclude>
    <ClInclude Include="GAM200_Project\physicsLib\vector2d.h">
      <Filter>physics</Filter>
    </ClInclude>
    <ClInclude Include="GAM200_Project\physicsLib\boolean.h">
      <Filter>physics</Filter>
    </ClInclude>
    <ClInclude Include="GAM200_Project\physicsLib\bounding_shapes.h">
      <Filter>physics</Filter>
    </ClInclude>
    <ClInclude Include="GAM200_Project\physicsLib\collision_detection.h">
      <Filter>physics</Filter>
    </ClInclude>
    <ClInclude Include="GAM200_Project\GameState\GameState_Default.h">
      <Filter>GameState</Filter>
    </ClInclude>
    <ClInclude Include="GAM200_Project\GameState\GameStateList.h">
      <Filter>GameState</Filter>
    </ClInclude>
    <ClInclude Include="GAM200_Project\GameState\GameStateManager.h">
      <Filter>GameState</Filter>
    </ClInclude>
    <ClInclude Include="GAM200_Project\Engine.h">
      <Filter>Universal</Filter>
    </ClInclude>
    <ClInclude Include="GAM200_Project\main.h">
      <Filter>Universal</Filter>
    </ClInclude>
    <ClInclude Include="GAM200_Project\logger\logger.h">
      <Filter>logger</Filter>
    </ClInclude>
    <ClInclude Include="GAM200_Project\_EntryPoint.h">
      <Filter>Universal</Filter>
    </ClInclude>
    <ClInclude Include="GAM200_Project\gameComponents\baseObject.h">
      <Filter>gameComponents</Filter>
    </ClInclude>
    <ClInclude Include="GAM200_Project\gameComponents\objFactory.h">
      <Filter>gameComponents</Filter>
    </ClInclude>
  </ItemGroup>
  <ItemGroup>
    <ClCompile Include="GAM200_Project\engineGraphics\Testing.cpp">
      <Filter>engineGraphics</Filter>
    </ClCompile>
    <ClCompile Include="GAM200_Project\engineGraphics\Texture.cpp">
      <Filter>engineGraphics</Filter>
    </ClCompile>
    <ClCompile Include="GAM200_Project\engineGraphics\Camera.cpp">
      <Filter>engineGraphics</Filter>
    </ClCompile>
    <ClCompile Include="GAM200_Project\engineGraphics\debugDraw.cpp">
      <Filter>engineGraphics</Filter>
    </ClCompile>
    <ClCompile Include="GAM200_Project\engineGraphics\Graphics.cpp">
      <Filter>engineGraphics</Filter>
    </ClCompile>
    <ClCompile Include="GAM200_Project\engineGraphics\Shader.cpp">
      <Filter>engineGraphics</Filter>
    </ClCompile>
    <ClCompile Include="GAM200_Project\engineGraphics\Sprite.cpp">
      <Filter>engineGraphics</Filter>
    </ClCompile>
    <ClCompile Include="GAM200_Project\runLua\luaRunner.cpp">
      <Filter>luaRunner</Filter>
    </ClCompile>
    <ClCompile Include="GAM200_Project\lvlTools\levelGenerator.cpp">
      <Filter>lvlTools</Filter>
    </ClCompile>
    <ClCompile Include="GAM200_Project\lvlTools\levelEditor.cpp">
      <Filter>lvlTools</Filter>
    </ClCompile>
    <ClCompile Include="GAM200_Project\Utilities.cpp">
      <Filter>Universal</Filter>
    </ClCompile>
    <ClCompile Include="GAM200_Project\Client.cpp">
      <Filter>Universal</Filter>
    </ClCompile>
    <ClCompile Include="GAM200_Project\gameLevel.cpp">
      <Filter>Universal</Filter>
    </ClCompile>
    <ClCompile Include="GAM200_Project\GameState\GameState_Default.cpp">
      <Filter>GameState</Filter>
    </ClCompile>
    <ClCompile Include="GAM200_Project\GameState\GameStateManager.cpp">
      <Filter>GameState</Filter>
    </ClCompile>
    <ClCompile Include="GAM200_Project\main.cpp">
      <Filter>Universal</Filter>
    </ClCompile>
    <ClCompile Include="GAM200_Project\logger\logger.cpp">
      <Filter>logger</Filter>
    </ClCompile>
    <ClCompile Include="GAM200_Project\engineGraphics\GFXMain.cpp">
      <Filter>engineGraphics</Filter>
    </ClCompile>
    <ClCompile Include="GAM200_Project\gameComponents\baseObject.cpp">
      <Filter>gameComponents</Filter>
    </ClCompile>
    <ClCompile Include="GAM200_Project\gameComponents\objFactory.cpp">
      <Filter>gameComponents</Filter>
    </ClCompile>
  </ItemGroup>
  <ItemGroup>
    <Image Include="GAM200_Project\resources\Smiley1.png">
      <Filter>resources</Filter>
    </Image>
    <Image Include="GAM200_Project\resources\Smiley2.png">
      <Filter>resources</Filter>
    </Image>
    <Image Include="GAM200_Project\resources\Smiley3.png">
      <Filter>resources</Filter>
    </Image>
    <Image Include="GAM200_Project\resources\ExampleSpriteSheet.png">
      <Filter>resources</Filter>
    </Image>
  </ItemGroup>
  <ItemGroup>
    <Text Include="GAM200_Project\resources\VertexShader.txt">
      <Filter>resources</Filter>
    </Text>
    <Text Include="GAM200_Project\resources\VertexShaderDebug.txt">
      <Filter>resources</Filter>
    </Text>
    <Text Include="GAM200_Project\resources\FragmentShader.txt">
      <Filter>resources</Filter>
    </Text>
    <Text Include="GAM200_Project\resources\FragmentShaderDebug.txt">
      <Filter>resources</Filter>
    </Text>
  </ItemGroup>
</Project>