<?xml version="1.0" encoding="utf-8"?>
<Project ToolsVersion="4.0" xmlns="http://schemas.microsoft.com/developer/msbuild/2003">
  <ItemGroup>
    <Filter Include="resources">
      <UniqueIdentifier>{7a0231aa-4081-4242-90e5-850edb2cfcbd}</UniqueIdentifier>
    </Filter>
    <Filter Include="luaRunner">
      <UniqueIdentifier>{97d76878-a596-438c-8320-c594e23ab41f}</UniqueIdentifier>
    </Filter>
    <Filter Include="lvlTools">
      <UniqueIdentifier>{69aee93f-ae98-41f8-a545-01a9c17427cb}</UniqueIdentifier>
    </Filter>
    <Filter Include="Universal">
      <UniqueIdentifier>{8622ca41-f451-432b-99f7-32cb65db372d}</UniqueIdentifier>
    </Filter>
    <Filter Include="logger">
      <UniqueIdentifier>{a8a71b5b-a5ad-4cbf-b972-1e7d6d64e39a}</UniqueIdentifier>
    </Filter>
    <Filter Include="GameState">
      <UniqueIdentifier>{9aa4dd65-ce20-40f7-b620-b5ab537df0cf}</UniqueIdentifier>
    </Filter>
    <Filter Include="BaseEngine">
      <UniqueIdentifier>{df063242-ee77-4e77-bcbc-a9f623eccd65}</UniqueIdentifier>
    </Filter>
    <Filter Include="BaseEngine\Composition">
      <UniqueIdentifier>{76c594ee-2e31-4fb8-9c2f-59f032bbfbfd}</UniqueIdentifier>
    </Filter>
    <Filter Include="Systems">
      <UniqueIdentifier>{a8038c2e-3d64-4804-81ec-2e3747b7ca4a}</UniqueIdentifier>
    </Filter>
    <Filter Include="gameObject">
      <UniqueIdentifier>{76ae88c4-daec-4b1d-a43a-6122a9ff8abf}</UniqueIdentifier>
    </Filter>
    <Filter Include="BaseEngine\Factory">
      <UniqueIdentifier>{016ba0f4-3cd4-49a8-a16f-9c78a0467dfd}</UniqueIdentifier>
    </Filter>
    <Filter Include="BaseEngine\Engine">
      <UniqueIdentifier>{bb06bff4-0edb-47bd-85e2-22c99cb7441b}</UniqueIdentifier>
    </Filter>
    <Filter Include="Main">
      <UniqueIdentifier>{32d850cf-c236-4a14-9f1d-a31702ba05d8}</UniqueIdentifier>
    </Filter>
    <Filter Include="AssertionError">
      <UniqueIdentifier>{4479c391-ffb0-4b74-8e83-20d613787791}</UniqueIdentifier>
    </Filter>
    <Filter Include="BaseEngine\Core">
      <UniqueIdentifier>{5ce4221d-ebdc-4cc1-a6ed-7238ffe65ee3}</UniqueIdentifier>
    </Filter>
    <Filter Include="GameLogic">
      <UniqueIdentifier>{98c2a2db-e159-474d-8df4-248ef856e31e}</UniqueIdentifier>
    </Filter>
    <Filter Include="Systems\Windows">
      <UniqueIdentifier>{46b15852-26d0-4827-9c98-2f1d900c96f7}</UniqueIdentifier>
    </Filter>
    <Filter Include="Systems\physics">
      <UniqueIdentifier>{aea003a7-a2bf-4f0f-a86f-7fe4b000bf35}</UniqueIdentifier>
    </Filter>
    <Filter Include="Systems\audio">
      <UniqueIdentifier>{b215da04-2435-4798-82c0-f2988868dd84}</UniqueIdentifier>
    </Filter>
    <Filter Include="Systems\engineGraphics">
      <UniqueIdentifier>{75150fc8-709e-41db-b7a4-5ee59f27049e}</UniqueIdentifier>
    </Filter>
    <Filter Include="Systems\Editor">
      <UniqueIdentifier>{8a027181-09c7-43cc-95af-db9e20a6a05c}</UniqueIdentifier>
    </Filter>
    <Filter Include="Systems\Editor\imGUI">
      <UniqueIdentifier>{770c3488-775d-4f7f-ac94-db74327d6c70}</UniqueIdentifier>
    </Filter>
    <Filter Include="BaseEngine\Zilch">
      <UniqueIdentifier>{feaebab1-3786-4bce-a6ee-8816225cd853}</UniqueIdentifier>
    </Filter>
    <Filter Include="ActionSystem">
      <UniqueIdentifier>{ba1c73db-8c47-414d-a93b-0d0182f76c83}</UniqueIdentifier>
    </Filter>
  </ItemGroup>
  <ItemGroup>
    <ClInclude Include="GAM200_Project\engineGraphics\Sprite.h">
      <Filter>Systems\engineGraphics</Filter>
    </ClInclude>
    <ClInclude Include="GAM200_Project\engineGraphics\debugDraw.h">
      <Filter>Systems\engineGraphics</Filter>
    </ClInclude>
    <ClInclude Include="GAM200_Project\engineGraphics\Graphics.h">
      <Filter>Systems\engineGraphics</Filter>
    </ClInclude>
    <ClInclude Include="GAM200_Project\engineGraphics\Shader.h">
      <Filter>Systems\engineGraphics</Filter>
    </ClInclude>
    <ClInclude Include="GAM200_Project\runLua\luaRunner.h">
      <Filter>luaRunner</Filter>
    </ClInclude>
    <ClInclude Include="GAM200_Project\runLua\luaRunnerInline.h">
      <Filter>luaRunner</Filter>
    </ClInclude>
    <ClInclude Include="GAM200_Project\lvlTools\levelGenerator.h">
      <Filter>lvlTools</Filter>
    </ClInclude>
    <ClInclude Include="GAM200_Project\lvlTools\levelEditor.h">
      <Filter>lvlTools</Filter>
    </ClInclude>
    <ClInclude Include="GAM200_Project\Utilities.h">
      <Filter>Universal</Filter>
    </ClInclude>
    <ClInclude Include="GAM200_Project\gameLevel.h">
      <Filter>Universal</Filter>
    </ClInclude>
    <ClInclude Include="GAM200_Project\physicsLib\math_utility.h">
      <Filter>Systems\physics</Filter>
    </ClInclude>
    <ClInclude Include="GAM200_Project\GameState\GameState_Default.h">
      <Filter>GameState</Filter>
    </ClInclude>
    <ClInclude Include="GAM200_Project\GameState\GameStateList.h">
      <Filter>GameState</Filter>
    </ClInclude>
    <ClInclude Include="GAM200_Project\GameState\GameStateManager.h">
      <Filter>GameState</Filter>
    </ClInclude>
    <ClInclude Include="GAM200_Project\logger\logger.h">
      <Filter>logger</Filter>
    </ClInclude>
    <ClInclude Include="GAM200_Project\_EntryPoint.h">
      <Filter>Universal</Filter>
    </ClInclude>
    <ClInclude Include="GAM200_Project\gameComponents\objFactory.h">
      <Filter>BaseEngine\Factory</Filter>
    </ClInclude>
    <ClInclude Include="GAM200_Project\Component.h">
      <Filter>BaseEngine\Composition</Filter>
    </ClInclude>
    <ClInclude Include="GAM200_Project\ComponentCreator.h">
      <Filter>BaseEngine\Composition</Filter>
    </ClInclude>
    <ClInclude Include="GAM200_Project\Composition.h">
      <Filter>BaseEngine\Composition</Filter>
    </ClInclude>
    <ClInclude Include="GAM200_Project\Engine.h">
      <Filter>BaseEngine\Engine</Filter>
    </ClInclude>
    <ClInclude Include="GAM200_Project\ComponentTypeIds.h">
      <Filter>BaseEngine\Engine</Filter>
    </ClInclude>
    <ClInclude Include="GAM200_Project\physicsLib\PhysicsManager.h">
      <Filter>Systems\physics</Filter>
    </ClInclude>
    <ClInclude Include="GAM200_Project\physicsLib\Body.h">
      <Filter>Systems\physics</Filter>
    </ClInclude>
    <ClInclude Include="GAM200_Project\physicsLib\Resolution.h">
      <Filter>Systems\physics</Filter>
    </ClInclude>
    <ClInclude Include="GAM200_Project\physicsLib\Transform.h">
      <Filter>Systems\physics</Filter>
    </ClInclude>
    <ClInclude Include="GAM200_Project\physicsLib\Collision.h">
      <Filter>Systems\physics</Filter>
    </ClInclude>
    <ClInclude Include="GAM200_Project\physicsLib\Precompiled.h">
      <Filter>Systems\physics</Filter>
    </ClInclude>
    <ClInclude Include="GAM200_Project\engineGraphics\FramerateController.h">
      <Filter>Systems\engineGraphics</Filter>
    </ClInclude>
    <ClInclude Include="GAM200_Project\engineGraphics\Texture.h">
      <Filter>Systems\engineGraphics</Filter>
    </ClInclude>
    <ClInclude Include="GAM200_Project\AssertionError\AssertionError.h">
      <Filter>AssertionError</Filter>
    </ClInclude>
    <ClInclude Include="GAM200_Project\System.h">
      <Filter>BaseEngine\Engine</Filter>
    </ClInclude>
    <ClInclude Include="GAM200_Project\Core.h">
      <Filter>BaseEngine\Core</Filter>
    </ClInclude>
    <ClInclude Include="GAM200_Project\main.h">
      <Filter>Main</Filter>
    </ClInclude>
    <ClInclude Include="GAM200_Project\engineGraphics\graphicsManager.h">
      <Filter>Systems\engineGraphics</Filter>
    </ClInclude>
    <ClInclude Include="GAM200_Project\engineGraphics\SpriteText.h">
      <Filter>Systems\engineGraphics</Filter>
    </ClInclude>
    <ClInclude Include="GAM200_Project\Message.h">
      <Filter>BaseEngine\Engine</Filter>
    </ClInclude>
    <ClInclude Include="GAM200_Project\WindowsSystem.h">
      <Filter>Systems\Windows</Filter>
    </ClInclude>
    <ClInclude Include="GAM200_Project\engineGraphics\textureAtlas.h">
      <Filter>Systems\engineGraphics</Filter>
    </ClInclude>
    <ClInclude Include="GAM200_Project\engineGraphics\atlasTexture.h">
      <Filter>Systems\engineGraphics</Filter>
    </ClInclude>
    <ClInclude Include="GAM200_Project\engineAudio\Audio.h">
      <Filter>Systems\audio</Filter>
    </ClInclude>
    <ClInclude Include="GAM200_Project\physicsLib\BinaryMap.h" />
    <ClInclude Include="GAM200_Project\physicsLib\PlayerState.h" />
    <ClInclude Include="GAM200_Project\mousePos.h">
      <Filter>Universal</Filter>
    </ClInclude>
    <ClInclude Include="GAM200_Project\engineGraphics\ParticleSystem.h">
      <Filter>Systems\engineGraphics</Filter>
    </ClInclude>
    <ClInclude Include="GAM200_Project\extraLogger\extraLogger.h" />
    <ClInclude Include="GAM200_Project\extraLogger\extraLoggerInline.h" />
    <ClInclude Include="GAM200_Project\initInfo.h" />
    <ClInclude Include="GAM200_Project\mouseVector.h" />
    <ClInclude Include="GAM200_Project\physicsLib\ObjectLinkedList.h" />
    <ClInclude Include="GAM200_Project\physicsLib\RayLineBoxCollision.h" />
    <ClInclude Include="GAM200_Project\reactive.h" />
    <ClInclude Include="GAM200_Project\runLua\luaTranslate.h" />
    <ClInclude Include="GAM200_Project\engineAudio\Sound.h">
      <Filter>Systems\audio</Filter>
    </ClInclude>
    <ClInclude Include="GAM200_Project\engineAudio\SoundEmitter.h">
      <Filter>Systems\audio</Filter>
    </ClInclude>
    <ClInclude Include="GAM200_Project\glfwMessages.h" />
    <ClInclude Include="GAM200_Project\Editor\imgui_impl_glfw_gl3.h">
      <Filter>Systems\Editor</Filter>
    </ClInclude>
    <ClInclude Include="GAM200_Project\Editor\imGuiManager.h">
      <Filter>Systems\Editor</Filter>
    </ClInclude>
    <ClInclude Include="GAM200_Project\Editor\imGUI\imconfig.h">
      <Filter>Systems\Editor\imGUI</Filter>
    </ClInclude>
    <ClInclude Include="GAM200_Project\Editor\imGUI\imgui.h">
      <Filter>Systems\Editor\imGUI</Filter>
    </ClInclude>
    <ClInclude Include="GAM200_Project\Editor\imGUI\imgui_internal.h">
      <Filter>Systems\Editor\imGUI</Filter>
    </ClInclude>
    <ClInclude Include="GAM200_Project\Editor\imGUI\stb_rect_pack.h">
      <Filter>Systems\Editor\imGUI</Filter>
    </ClInclude>
    <ClInclude Include="GAM200_Project\Editor\imGUI\stb_textedit.h">
      <Filter>Systems\Editor\imGUI</Filter>
    </ClInclude>
    <ClInclude Include="GAM200_Project\Editor\imGUI\stb_truetype.h">
      <Filter>Systems\Editor\imGUI</Filter>
    </ClInclude>
    <ClInclude Include="GAM200_Project\Editor\editable.h">
      <Filter>Systems\Editor</Filter>
    </ClInclude>
    <ClInclude Include="GAM200_Project\Serialization\Serialization.h" />
    <ClInclude Include="GAM200_Project\Serialization\TextSerialization.h" />
    <ClInclude Include="GAM200_Project\Zilch\Zilch.hpp">
      <Filter>BaseEngine\Zilch</Filter>
    </ClInclude>
    <ClInclude Include="GAM200_Project\Zilch\BindInternal.hpp">
      <Filter>BaseEngine\Zilch</Filter>
    </ClInclude>
    <ClInclude Include="GAM200_Project\Zilch\ZilchInterface.hpp">
      <Filter>BaseEngine\Zilch</Filter>
    </ClInclude>
    <ClInclude Include="GAM200_Project\Editor\editorModule.h">
      <Filter>Systems\Editor</Filter>
    </ClInclude>
    <ClInclude Include="GAM200_Project\Editor\editorEntityTools.h">
      <Filter>Systems\Editor</Filter>
    </ClInclude>
    <ClInclude Include="GAM200_Project\Editor\editorLevelTools.h" />
    <ClInclude Include="GAM200_Project\Editor\editorTilemapTools.h" />
    <ClInclude Include="GAM200_Project\ActionSystem\action_math_utility.h">
      <Filter>ActionSystem</Filter>
    </ClInclude>
    <ClInclude Include="GAM200_Project\PleaseWork\ActionBase.h">
      <Filter>ActionSystem</Filter>
    </ClInclude>
    <ClInclude Include="GAM200_Project\PleaseWork\ActionCall.h">
      <Filter>ActionSystem</Filter>
    </ClInclude>
    <ClInclude Include="GAM200_Project\PleaseWork\ActionDelay.h">
      <Filter>ActionSystem</Filter>
    </ClInclude>
    <ClInclude Include="GAM200_Project\PleaseWork\ActionGroup.h">
      <Filter>ActionSystem</Filter>
    </ClInclude>
    <ClInclude Include="GAM200_Project\PleaseWork\ActionMath.h">
      <Filter>ActionSystem</Filter>
    </ClInclude>
    <ClInclude Include="GAM200_Project\PleaseWork\ActionProperty.h">
      <Filter>ActionSystem</Filter>
    </ClInclude>
    <ClInclude Include="GAM200_Project\PleaseWork\ActionSequence.h">
      <Filter>ActionSystem</Filter>
    </ClInclude>
    <ClInclude Include="GAM200_Project\PleaseWork\ActionSystem.h">
      <Filter>ActionSystem</Filter>
    </ClInclude>
    <ClInclude Include="GAM200_Project\PleaseWork\action_math_utility.h" />
    <ClInclude Include="GAM200_Project\PleaseWork\SampleCurve.h">
      <Filter>ActionSystem</Filter>
    </ClInclude>
    <ClInclude Include="GAM200_Project\GameLogic\GameLogic.h">
      <Filter>GameLogic</Filter>
    </ClInclude>
    <ClInclude Include="GAM200_Project\GameLogic\HUDcomponent.h">
      <Filter>GameLogic</Filter>
    </ClInclude>
    <ClInclude Include="GAM200_Project\Zilch\Filesystem\Filepaths.hpp">
      <Filter>BaseEngine\Zilch</Filter>
    </ClInclude>
    <ClInclude Include="GAM200_Project\Zilch\ZilchManager.h">
      <Filter>BaseEngine\Zilch</Filter>
    </ClInclude>
    <ClInclude Include="GAM200_Project\engineGraphics\Camera.h">
      <Filter>BaseEngine\Composition</Filter>
    </ClInclude>
    <ClInclude Include="GAM200_Project\ZilchComponent.h">
      <Filter>BaseEngine\Composition</Filter>
    </ClInclude>
    <ClInclude Include="GAM200_Project\GameLogic\GameReactive.h" />
    <ClInclude Include="GAM200_Project\GameLogic\PauseMenu.h">
      <Filter>GameLogic</Filter>
    </ClInclude>
    <ClInclude Include="GAM200_Project\GameLogic\PauseMenuButton.h">
      <Filter>GameLogic</Filter>
    </ClInclude>
    <ClInclude Include="GAM200_Project\GameLogic\PlayerTag.h">
      <Filter>GameLogic</Filter>
    </ClInclude>
    <ClInclude Include="GAM200_Project\Zilch\ZilchBind.h" />
    <ClInclude Include="GAM200_Project\AutoPlay.h" />
    <ClInclude Include="GAM200_Project\GameLogic\BadEnemyAI.h">
      <Filter>GameLogic</Filter>
    </ClInclude>
    <ClInclude Include="GAM200_Project\GameLogic\HealthManager.h">
      <Filter>GameLogic</Filter>
    </ClInclude>
    <ClInclude Include="GAM200_Project\GameLogic\PlayerHealthBar.h">
      <Filter>GameLogic</Filter>
    </ClInclude>
    <ClInclude Include="GAM200_Project\GameLogic\PlayerAttack.h">
      <Filter>GameLogic</Filter>
    </ClInclude>
    <ClInclude Include="GAM200_Project\GameLogic\LoadLevel.h">
      <Filter>GameLogic</Filter>
    </ClInclude>
    <ClInclude Include="GAM200_Project\GameLogic\EnemyHealthManager.h">
      <Filter>GameLogic</Filter>
    </ClInclude>
    <ClInclude Include="GAM200_Project\GameLogic\WinLogic.h">
      <Filter>GameLogic</Filter>
    </ClInclude>
  </ItemGroup>
  <ItemGroup>
    <ClCompile Include="GAM200_Project\engineGraphics\Texture.cpp">
      <Filter>Systems\engineGraphics</Filter>
    </ClCompile>
    <ClCompile Include="GAM200_Project\engineGraphics\Camera.cpp">
      <Filter>Systems\engineGraphics</Filter>
    </ClCompile>
    <ClCompile Include="GAM200_Project\engineGraphics\debugDraw.cpp">
      <Filter>Systems\engineGraphics</Filter>
    </ClCompile>
    <ClCompile Include="GAM200_Project\engineGraphics\Graphics.cpp">
      <Filter>Systems\engineGraphics</Filter>
    </ClCompile>
    <ClCompile Include="GAM200_Project\engineGraphics\Shader.cpp">
      <Filter>Systems\engineGraphics</Filter>
    </ClCompile>
    <ClCompile Include="GAM200_Project\engineGraphics\Sprite.cpp">
      <Filter>Systems\engineGraphics</Filter>
    </ClCompile>
    <ClCompile Include="GAM200_Project\runLua\luaRunner.cpp">
      <Filter>luaRunner</Filter>
    </ClCompile>
    <ClCompile Include="GAM200_Project\lvlTools\levelGenerator.cpp">
      <Filter>lvlTools</Filter>
    </ClCompile>
    <ClCompile Include="GAM200_Project\lvlTools\levelEditor.cpp">
      <Filter>lvlTools</Filter>
    </ClCompile>
    <ClCompile Include="GAM200_Project\Utilities.cpp">
      <Filter>Universal</Filter>
    </ClCompile>
    <ClCompile Include="GAM200_Project\gameLevel.cpp">
      <Filter>Universal</Filter>
    </ClCompile>
    <ClCompile Include="GAM200_Project\GameState\GameState_Default.cpp">
      <Filter>GameState</Filter>
    </ClCompile>
    <ClCompile Include="GAM200_Project\GameState\GameStateManager.cpp">
      <Filter>GameState</Filter>
    </ClCompile>
    <ClCompile Include="GAM200_Project\logger\logger.cpp">
      <Filter>logger</Filter>
    </ClCompile>
    <ClCompile Include="GAM200_Project\Composition.cpp">
      <Filter>BaseEngine\Composition</Filter>
    </ClCompile>
    <ClCompile Include="GAM200_Project\physicsLib\PhysicsManager.cpp">
      <Filter>Systems\physics</Filter>
    </ClCompile>
    <ClCompile Include="GAM200_Project\physicsLib\Body.cpp">
      <Filter>Systems\physics</Filter>
    </ClCompile>
    <ClCompile Include="GAM200_Project\physicsLib\Resolution.cpp">
      <Filter>Systems\physics</Filter>
    </ClCompile>
    <ClCompile Include="GAM200_Project\physicsLib\Transform.cpp">
      <Filter>Systems\physics</Filter>
    </ClCompile>
    <ClCompile Include="GAM200_Project\physicsLib\Collision.cpp">
      <Filter>Systems\physics</Filter>
    </ClCompile>
    <ClCompile Include="GAM200_Project\physicsLib\Precompiled.cpp">
      <Filter>Systems\physics</Filter>
    </ClCompile>
    <ClCompile Include="GAM200_Project\physicsLib\math_utility.cpp">
      <Filter>Systems\physics</Filter>
    </ClCompile>
    <ClCompile Include="GAM200_Project\engineGraphics\FramerateController.cpp">
      <Filter>Systems\engineGraphics</Filter>
    </ClCompile>
    <ClCompile Include="GAM200_Project\GlobalFactoryClient.cpp">
      <Filter>Universal</Filter>
    </ClCompile>
    <ClCompile Include="GAM200_Project\Client.cpp">
      <Filter>Universal</Filter>
    </ClCompile>
    <ClCompile Include="GAM200_Project\Core.cpp">
      <Filter>BaseEngine\Core</Filter>
    </ClCompile>
    <ClCompile Include="GAM200_Project\engineGraphics\graphicsManager.cpp">
      <Filter>Systems\engineGraphics</Filter>
    </ClCompile>
    <ClCompile Include="GAM200_Project\engineGraphics\SpriteText.cpp">
      <Filter>Systems\engineGraphics</Filter>
    </ClCompile>
    <ClCompile Include="GAM200_Project\WindowsSystem.cpp">
      <Filter>Systems\Windows</Filter>
    </ClCompile>
    <ClCompile Include="GAM200_Project\engineGraphics\textureAtlas.cpp">
      <Filter>Systems\engineGraphics</Filter>
    </ClCompile>
    <ClCompile Include="GAM200_Project\engineGraphics\atlasTexture.cpp">
      <Filter>Systems\engineGraphics</Filter>
    </ClCompile>
    <ClCompile Include="GAM200_Project\engineAudio\Audio.cpp">
      <Filter>Systems\audio</Filter>
    </ClCompile>
    <ClCompile Include="GAM200_Project\physicsLib\BinaryMap.cpp" />
    <ClCompile Include="GAM200_Project\physicsLib\PlayerState.cpp" />
    <ClCompile Include="GAM200_Project\gameComponents\objFactory.cpp">
      <Filter>BaseEngine\Factory</Filter>
    </ClCompile>
    <ClCompile Include="GAM200_Project\extraLogger\extraLogger.cpp" />
    <ClCompile Include="GAM200_Project\initInfo.cpp" />
    <ClCompile Include="GAM200_Project\mouseVector.cpp" />
    <ClCompile Include="GAM200_Project\physicsLib\RayLineBoxCollision.cpp" />
    <ClCompile Include="GAM200_Project\reactive.cpp" />
    <ClCompile Include="GAM200_Project\runLua\luaTranslate.cpp" />
    <ClCompile Include="GAM200_Project\engineAudio\Sound.cpp">
      <Filter>Systems\audio</Filter>
    </ClCompile>
    <ClCompile Include="GAM200_Project\engineAudio\SoundEmitter.cpp">
      <Filter>Systems\audio</Filter>
    </ClCompile>
    <ClCompile Include="GAM200_Project\Editor\imgui_impl_glfw_gl3.cpp">
      <Filter>Systems\Editor</Filter>
    </ClCompile>
    <ClCompile Include="GAM200_Project\Editor\imGuiManager.cpp">
      <Filter>Systems\Editor</Filter>
    </ClCompile>
    <ClCompile Include="GAM200_Project\Editor\imGUI\imgui.cpp">
      <Filter>Systems\Editor\imGUI</Filter>
    </ClCompile>
    <ClCompile Include="GAM200_Project\Editor\imGUI\imgui_demo.cpp">
      <Filter>Systems\Editor\imGUI</Filter>
    </ClCompile>
    <ClCompile Include="GAM200_Project\Editor\imGUI\imgui_draw.cpp">
      <Filter>Systems\Editor\imGUI</Filter>
    </ClCompile>
    <ClCompile Include="GAM200_Project\Editor\editable.cpp">
      <Filter>Systems\Editor</Filter>
    </ClCompile>
    <ClCompile Include="GAM200_Project\Serialization\TextSerialization.cpp" />
    <ClCompile Include="GAM200_Project\Zilch\Zilch.cpp">
      <Filter>BaseEngine\Zilch</Filter>
    </ClCompile>
    <ClCompile Include="GAM200_Project\Zilch\BindInternal.cpp">
      <Filter>BaseEngine\Zilch</Filter>
    </ClCompile>
    <ClCompile Include="GAM200_Project\Zilch\ZilchInterface.cpp">
      <Filter>BaseEngine\Zilch</Filter>
    </ClCompile>
    <ClCompile Include="GAM200_Project\Editor\editorEntityTools.cpp">
      <Filter>Systems\Editor</Filter>
    </ClCompile>
    <ClCompile Include="GAM200_Project\Editor\editorLevelTools.cpp" />
    <ClCompile Include="GAM200_Project\Editor\editorTilemapTools.cpp" />
    <ClCompile Include="GAM200_Project\PleaseWork\action_math_utility.cpp">
      <Filter>ActionSystem</Filter>
    </ClCompile>
    <ClCompile Include="GAM200_Project\PleaseWork\ActionSequence.cpp">
      <Filter>ActionSystem</Filter>
    </ClCompile>
    <ClCompile Include="GAM200_Project\PleaseWork\ActionGroup.cpp">
      <Filter>ActionSystem</Filter>
    </ClCompile>
    <ClCompile Include="GAM200_Project\PleaseWork\ActionCall.cpp">
      <Filter>ActionSystem</Filter>
    </ClCompile>
    <ClCompile Include="GAM200_Project\PleaseWork\ActionDelay.cpp">
      <Filter>ActionSystem</Filter>
    </ClCompile>
    <ClCompile Include="GAM200_Project\GameLogic\GameLogic.cpp">
      <Filter>GameLogic</Filter>
    </ClCompile>
    <ClCompile Include="GAM200_Project\GameLogic\HUDcomponent.cpp">
      <Filter>GameLogic</Filter>
    </ClCompile>
    <ClCompile Include="GAM200_Project\Component.cpp">
      <Filter>BaseEngine\Composition</Filter>
    </ClCompile>
    <ClCompile Include="GAM200_Project\Zilch\Filesystem\Filepaths_windows.cpp">
      <Filter>BaseEngine\Zilch</Filter>
    </ClCompile>
    <ClCompile Include="GAM200_Project\ComponentTypeIds.cpp">
      <Filter>BaseEngine\Engine</Filter>
    </ClCompile>
    <ClCompile Include="GAM200_Project\Zilch\ZilchManager.cpp">
      <Filter>BaseEngine\Zilch</Filter>
    </ClCompile>
    <ClCompile Include="GAM200_Project\ZilchComponent.cpp">
      <Filter>BaseEngine\Composition</Filter>
    </ClCompile>
    <ClCompile Include="GAM200_Project\GameLogic\GameReactive.cpp" />
    <ClCompile Include="GAM200_Project\GameLogic\PauseMenu.cpp">
      <Filter>GameLogic</Filter>
    </ClCompile>
    <ClCompile Include="GAM200_Project\GameLogic\PauseMenuButton.cpp">
      <Filter>GameLogic</Filter>
    </ClCompile>
    <ClCompile Include="GAM200_Project\GameLogic\PlayerTag.cpp">
      <Filter>GameLogic</Filter>
    </ClCompile>
    <ClCompile Include="GAM200_Project\Zilch\ZilchBind.cpp" />
    <ClCompile Include="GAM200_Project\main.cpp" />
    <ClCompile Include="GAM200_Project\AutoPlay.cpp" />
    <ClCompile Include="GAM200_Project\GameLogic\BadEnemyAI.cpp">
      <Filter>GameLogic</Filter>
    </ClCompile>
    <ClCompile Include="GAM200_Project\GameLogic\HealthManager.cpp">
      <Filter>GameLogic</Filter>
    </ClCompile>
    <ClCompile Include="GAM200_Project\GameLogic\PlayerHealthBar.cpp">
      <Filter>GameLogic</Filter>
    </ClCompile>
    <ClCompile Include="GAM200_Project\GameLogic\PlayerAttack.cpp">
      <Filter>GameLogic</Filter>
    </ClCompile>
    <ClCompile Include="GAM200_Project\GameLogic\LoadLevel.cpp">
      <Filter>GameLogic</Filter>
    </ClCompile>
    <ClCompile Include="GAM200_Project\GameLogic\EnemyHealthManager.cpp">
      <Filter>GameLogic</Filter>
    </ClCompile>
    <ClCompile Include="GAM200_Project\GameLogic\WinLogic.cpp">
      <Filter>GameLogic</Filter>
    </ClCompile>
  </ItemGroup>
  <ItemGroup>
    <Text Include="resources\FragmentShader.txt">
      <Filter>resources</Filter>
    </Text>
    <Text Include="resources\VertexShader.txt">
      <Filter>resources</Filter>
    </Text>
    <Text Include="resources\Shaders\imGuiFragment.txt">
      <Filter>resources</Filter>
    </Text>
    <Text Include="resources\Shaders\imGuiVertex.txt">
      <Filter>resources</Filter>
    </Text>
  </ItemGroup>
  <ItemGroup>
    <None Include="Scripts\Example.zilch" />
    <None Include="Scripts\BasicAIComponent.zilch" />
    <None Include="Scripts\EndOfGame.zilch" />
    <None Include="Scripts\EnemyHealthManager.zilch" />
    <None Include="Scripts\PlayerHealthBar.zilch" />
    <None Include="Scripts\PlayerHealthManager.zilch" />
    <None Include="Scripts\PlayerMovement.zilch">
      <Filter>Universal</Filter>
    </None>
    <None Include="Scripts\AttackSlash.zilch">
      <Filter>Universal</Filter>
    </None>
  </ItemGroup>
</Project>